{
    "name": "thingy-rpc-authmaster-client",
    "version": "0.0.2",
    "lockfileVersion": 2,
    "requires": true,
    "packages": {
        "": {
            "name": "thingy-rpc-authmaster-client",
            "version": "0.0.2",
            "license": "Unlicense",
            "dependencies": {
                "thingy-post-rpc-client": "^0.0.1"
            }
        },
        "node_modules/@noble/ed25519": {
            "version": "1.7.3",
            "resolved": "https://registry.npmjs.org/@noble/ed25519/-/ed25519-1.7.3.tgz",
            "integrity": "sha512-iR8GBkDt0Q3GyaVcIu7mSsVIqnFbkbRzGLWlvhwunacoLwt4J3swfKhfaM6rN6WY+TBGoYT1GtT1mIh2/jGbRQ==",
            "funding": [
                {
                    "type": "individual",
                    "url": "https://paulmillr.com/funding/"
                }
            ]
        },
        "node_modules/secret-manager-crypto-utils": {
            "version": "0.2.0",
            "resolved": "https://registry.npmjs.org/secret-manager-crypto-utils/-/secret-manager-crypto-utils-0.2.0.tgz",
            "integrity": "sha512-on0VpDroRIPbxZe1t5CF4wKupEIeVw3K//LmnExwGVh3Lao0DZ/TnW7/E+dxHxHBNk4gJPZBxRE/WkPlYICYkg==",
            "dependencies": {
                "@noble/ed25519": "^1.7.1",
                "thingy-byte-utils": "0.0.7"
            }
        },
        "node_modules/thingy-byte-utils": {
            "version": "0.0.7",
            "resolved": "https://registry.npmjs.org/thingy-byte-utils/-/thingy-byte-utils-0.0.7.tgz",
            "integrity": "sha512-2ghUqTQI96WfuSkR+CuErQbVZglvPvTdZ4IyHB1O9tF7tdmsxYsSSs/K3Ax5U0TB4h9U4oslak/xps3mHpp2NA=="
        },
        "node_modules/thingy-post-rpc-client": {
            "version": "0.0.1",
            "resolved": "https://registry.npmjs.org/thingy-post-rpc-client/-/thingy-post-rpc-client-0.0.1.tgz",
            "integrity": "sha512-1uS0LO6eZBqcVnq9t4DYpNfbdoPLtKFPyJz2gFAEwMzKrF04vtL9JcvFI4xhnf/eb/Mbx2rZKMBDuecQrZvWPw==",
            "dependencies": {
                "secret-manager-crypto-utils": "^0.2.0",
                "thingy-session-utils": "^0.0.3",
                "validatabletimestamp": "^0.0.1"
            }
        },
        "node_modules/thingy-session-utils": {
            "version": "0.0.3",
            "resolved": "https://registry.npmjs.org/thingy-session-utils/-/thingy-session-utils-0.0.3.tgz",
            "integrity": "sha512-7VPFWhkFJ+X6Flo2KossakB0RNduRO3//A+dgP+aLsBMDrL3DrA+EFD3aeg8e94quVbgQU/fvgJi5z2pAzgWoA==",
            "dependencies": {
                "secret-manager-crypto-utils": "^0.2.0",
                "thingy-byte-utils": "0.0.7"
            }
        },
        "node_modules/validatabletimestamp": {
            "version": "0.0.1",
            "resolved": "https://registry.npmjs.org/validatabletimestamp/-/validatabletimestamp-0.0.1.tgz",
            "integrity": "sha512-vCCYC4oGC3FQdl2xHBdKSixKNWzzNfhugG0sucPLnO7lK7H9HHBy60p9cc10yotZRErc+SWAPJij7FZAbQ8eQA=="
        }
    },
    "dependencies": {
        "@noble/ed25519": {
            "version": "1.7.3",
            "resolved": "https://registry.npmjs.org/@noble/ed25519/-/ed25519-1.7.3.tgz",
            "integrity": "sha512-iR8GBkDt0Q3GyaVcIu7mSsVIqnFbkbRzGLWlvhwunacoLwt4J3swfKhfaM6rN6WY+TBGoYT1GtT1mIh2/jGbRQ=="
        },
        "secret-manager-crypto-utils": {
            "version": "0.2.0",
            "resolved": "https://registry.npmjs.org/secret-manager-crypto-utils/-/secret-manager-crypto-utils-0.2.0.tgz",
            "integrity": "sha512-on0VpDroRIPbxZe1t5CF4wKupEIeVw3K//LmnExwGVh3Lao0DZ/TnW7/E+dxHxHBNk4gJPZBxRE/WkPlYICYkg==",
            "requires": {
                "@noble/ed25519": "^1.7.1",
                "thingy-byte-utils": "0.0.7"
            }
        },
        "thingy-byte-utils": {
            "version": "0.0.7",
            "resolved": "https://registry.npmjs.org/thingy-byte-utils/-/thingy-byte-utils-0.0.7.tgz",
            "integrity": "sha512-2ghUqTQI96WfuSkR+CuErQbVZglvPvTdZ4IyHB1O9tF7tdmsxYsSSs/K3Ax5U0TB4h9U4oslak/xps3mHpp2NA=="
        },
        "thingy-post-rpc-client": {
            "version": "0.0.1",
            "resolved": "https://registry.npmjs.org/thingy-post-rpc-client/-/thingy-post-rpc-client-0.0.1.tgz",
            "integrity": "sha512-1uS0LO6eZBqcVnq9t4DYpNfbdoPLtKFPyJz2gFAEwMzKrF04vtL9JcvFI4xhnf/eb/Mbx2rZKMBDuecQrZvWPw==",
            "requires": {
                "secret-manager-crypto-utils": "^0.2.0",
                "thingy-session-utils": "^0.0.3",
                "validatabletimestamp": "^0.0.1"
            }
        },
        "thingy-session-utils": {
            "version": "0.0.3",
            "resolved": "https://registry.npmjs.org/thingy-session-utils/-/thingy-session-utils-0.0.3.tgz",
            "integrity": "sha512-7VPFWhkFJ+X6Flo2KossakB0RNduRO3//A+dgP+aLsBMDrL3DrA+EFD3aeg8e94quVbgQU/fvgJi5z2pAzgWoA==",
            "requires": {
                "secret-manager-crypto-utils": "^0.2.0",
                "thingy-byte-utils": "0.0.7"
            }
        },
        "validatabletimestamp": {
            "version": "0.0.1",
            "resolved": "https://registry.npmjs.org/validatabletimestamp/-/validatabletimestamp-0.0.1.tgz",
            "integrity": "sha512-vCCYC4oGC3FQdl2xHBdKSixKNWzzNfhugG0sucPLnO7lK7H9HHBy60p9cc10yotZRErc+SWAPJij7FZAbQ8eQA=="
        }
    }
}
