{
    "name": "thingy-rpc-authmaster-client",
    "version": "0.0.4",
    "lockfileVersion": 2,
    "requires": true,
    "packages": {
        "": {
            "name": "thingy-rpc-authmaster-client",
            "version": "0.0.4",
            "license": "Unlicense",
            "dependencies": {
                "thingy-post-rpc-client": "^0.0.2"
            }
        },
        "node_modules/@noble/ed25519": {
            "version": "2.0.0",
            "resolved": "https://registry.npmjs.org/@noble/ed25519/-/ed25519-2.0.0.tgz",
            "integrity": "sha512-/extjhkwFupyopDrt80OMWKdLgP429qLZj+z6sYJz90rF2Iz0gjZh2ArMKPImUl13Kx+0EXI2hN9T/KJV0/Zng==",
            "funding": [
                {
                    "type": "individual",
                    "url": "https://paulmillr.com/funding/"
                }
            ]
        },
        "node_modules/secret-manager-crypto-utils": {
            "version": "0.3.0",
            "resolved": "https://registry.npmjs.org/secret-manager-crypto-utils/-/secret-manager-crypto-utils-0.3.0.tgz",
            "integrity": "sha512-CRdXxw5sNhEdnpJyRDopzQzplg59CdEDEjGA5OucETZz6r8H2oVIzTRcftKHUWmOib9lhxYoJIHewj0wXXttlA==",
            "dependencies": {
                "@noble/ed25519": "^2.0.0",
                "thingy-byte-utils": "0.0.8"
            }
        },
        "node_modules/thingy-byte-utils": {
            "version": "0.0.8",
            "resolved": "https://registry.npmjs.org/thingy-byte-utils/-/thingy-byte-utils-0.0.8.tgz",
            "integrity": "sha512-m9+aSv0XrU1g6Da61Qq0ZnyflSYx1/uWfD98UFziOV4WMrEzE5eHTjXGhxhFRzauL3EkwujZZJbOBxj8PzHyAg=="
        },
        "node_modules/thingy-post-rpc-client": {
            "version": "0.0.2",
            "resolved": "https://registry.npmjs.org/thingy-post-rpc-client/-/thingy-post-rpc-client-0.0.2.tgz",
            "integrity": "sha512-MEphUWrPwCk+zWnXPQ90zjadUK1aUdxNR6AUcSfzcAQ1jRHpwYCfkX6YC5o7csHHBcqwTyUOV5n2m5oSQmK5qQ==",
            "dependencies": {
                "secret-manager-crypto-utils": "^0.3.0",
                "thingy-session-utils": "^0.0.5",
                "validatabletimestamp": "^0.0.1"
            }
        },
        "node_modules/thingy-session-utils": {
            "version": "0.0.5",
            "resolved": "https://registry.npmjs.org/thingy-session-utils/-/thingy-session-utils-0.0.5.tgz",
            "integrity": "sha512-LkZc5gT6NAhUG4WxtchygmPDSx2oukV2cQ63n3+Zym1tAGjUsUe2bg6pJB2++afA7pKbW64nZwgMYTSa8OAkaA==",
            "dependencies": {
                "secret-manager-crypto-utils": "^0.3.0",
                "thingy-byte-utils": "0.0.8"
            }
        },
        "node_modules/validatabletimestamp": {
            "version": "0.0.1",
            "resolved": "https://registry.npmjs.org/validatabletimestamp/-/validatabletimestamp-0.0.1.tgz",
            "integrity": "sha512-vCCYC4oGC3FQdl2xHBdKSixKNWzzNfhugG0sucPLnO7lK7H9HHBy60p9cc10yotZRErc+SWAPJij7FZAbQ8eQA=="
        }
    },
    "dependencies": {
        "@noble/ed25519": {
            "version": "2.0.0",
            "resolved": "https://registry.npmjs.org/@noble/ed25519/-/ed25519-2.0.0.tgz",
            "integrity": "sha512-/extjhkwFupyopDrt80OMWKdLgP429qLZj+z6sYJz90rF2Iz0gjZh2ArMKPImUl13Kx+0EXI2hN9T/KJV0/Zng=="
        },
        "secret-manager-crypto-utils": {
            "version": "0.3.0",
            "resolved": "https://registry.npmjs.org/secret-manager-crypto-utils/-/secret-manager-crypto-utils-0.3.0.tgz",
            "integrity": "sha512-CRdXxw5sNhEdnpJyRDopzQzplg59CdEDEjGA5OucETZz6r8H2oVIzTRcftKHUWmOib9lhxYoJIHewj0wXXttlA==",
            "requires": {
                "@noble/ed25519": "^2.0.0",
                "thingy-byte-utils": "0.0.8"
            }
        },
        "thingy-byte-utils": {
            "version": "0.0.8",
            "resolved": "https://registry.npmjs.org/thingy-byte-utils/-/thingy-byte-utils-0.0.8.tgz",
            "integrity": "sha512-m9+aSv0XrU1g6Da61Qq0ZnyflSYx1/uWfD98UFziOV4WMrEzE5eHTjXGhxhFRzauL3EkwujZZJbOBxj8PzHyAg=="
        },
        "thingy-post-rpc-client": {
            "version": "0.0.2",
            "resolved": "https://registry.npmjs.org/thingy-post-rpc-client/-/thingy-post-rpc-client-0.0.2.tgz",
            "integrity": "sha512-MEphUWrPwCk+zWnXPQ90zjadUK1aUdxNR6AUcSfzcAQ1jRHpwYCfkX6YC5o7csHHBcqwTyUOV5n2m5oSQmK5qQ==",
            "requires": {
                "secret-manager-crypto-utils": "^0.3.0",
                "thingy-session-utils": "^0.0.5",
                "validatabletimestamp": "^0.0.1"
            }
        },
        "thingy-session-utils": {
            "version": "0.0.5",
            "resolved": "https://registry.npmjs.org/thingy-session-utils/-/thingy-session-utils-0.0.5.tgz",
            "integrity": "sha512-LkZc5gT6NAhUG4WxtchygmPDSx2oukV2cQ63n3+Zym1tAGjUsUe2bg6pJB2++afA7pKbW64nZwgMYTSa8OAkaA==",
            "requires": {
                "secret-manager-crypto-utils": "^0.3.0",
                "thingy-byte-utils": "0.0.8"
            }
        },
        "validatabletimestamp": {
            "version": "0.0.1",
            "resolved": "https://registry.npmjs.org/validatabletimestamp/-/validatabletimestamp-0.0.1.tgz",
            "integrity": "sha512-vCCYC4oGC3FQdl2xHBdKSixKNWzzNfhugG0sucPLnO7lK7H9HHBy60p9cc10yotZRErc+SWAPJij7FZAbQ8eQA=="
        }
    }
}
